// !$*UTF8*$!
{
	archiveVersion = 1;
	classes = {
	};
	objectVersion = 55;
	objects = {

/* Begin PBXBuildFile section */
		41906DBB291405420041B730 /* AppDelegate.swift in Sources */ = {isa = PBXBuildFile; fileRef = 41906DBA291405420041B730 /* AppDelegate.swift */; };
		41906DC4291405430041B730 /* Assets.xcassets in Resources */ = {isa = PBXBuildFile; fileRef = 41906DC3291405430041B730 /* Assets.xcassets */; };
		41906DC7291405430041B730 /* LaunchScreen.storyboard in Resources */ = {isa = PBXBuildFile; fileRef = 41906DC5291405430041B730 /* LaunchScreen.storyboard */; };
		41906DD1291405F90041B730 /* MainVC.swift in Sources */ = {isa = PBXBuildFile; fileRef = 41906DCF291405F90041B730 /* MainVC.swift */; };
		41906DD2291405F90041B730 /* MainVC.xib in Resources */ = {isa = PBXBuildFile; fileRef = 41906DD0291405F90041B730 /* MainVC.xib */; };
		41906DD5291406A40041B730 /* Exercise.swift in Sources */ = {isa = PBXBuildFile; fileRef = 41906DD4291406A40041B730 /* Exercise.swift */; };
		41906DD8291407130041B730 /* Jumping.swift in Sources */ = {isa = PBXBuildFile; fileRef = 41906DD6291407130041B730 /* Jumping.swift */; };
		41906DDC291407810041B730 /* Squards.swift in Sources */ = {isa = PBXBuildFile; fileRef = 41906DDA291407810041B730 /* Squards.swift */; };
		41906DDF291407E50041B730 /* Factory.swift in Sources */ = {isa = PBXBuildFile; fileRef = 41906DDE291407E50041B730 /* Factory.swift */; };
		41906DE129140BD40041B730 /* SwingPress.swift in Sources */ = {isa = PBXBuildFile; fileRef = 41906DE029140BD40041B730 /* SwingPress.swift */; };
/* End PBXBuildFile section */

/* Begin PBXFileReference section */
		41906DB7291405420041B730 /* training_FactoryMethod.app */ = {isa = PBXFileReference; explicitFileType = wrapper.application; includeInIndex = 0; path = training_FactoryMethod.app; sourceTree = BUILT_PRODUCTS_DIR; };
		41906DBA291405420041B730 /* AppDelegate.swift */ = {isa = PBXFileReference; lastKnownFileType = sourcecode.swift; path = AppDelegate.swift; sourceTree = "<group>"; };
		41906DC3291405430041B730 /* Assets.xcassets */ = {isa = PBXFileReference; lastKnownFileType = folder.assetcatalog; path = Assets.xcassets; sourceTree = "<group>"; };
		41906DC6291405430041B730 /* Base */ = {isa = PBXFileReference; lastKnownFileType = file.storyboard; name = Base; path = Base.lproj/LaunchScreen.storyboard; sourceTree = "<group>"; };
		41906DC8291405430041B730 /* Info.plist */ = {isa = PBXFileReference; lastKnownFileType = text.plist.xml; path = Info.plist; sourceTree = "<group>"; };
		41906DCF291405F90041B730 /* MainVC.swift */ = {isa = PBXFileReference; lastKnownFileType = sourcecode.swift; path = MainVC.swift; sourceTree = "<group>"; };
		41906DD0291405F90041B730 /* MainVC.xib */ = {isa = PBXFileReference; lastKnownFileType = file.xib; path = MainVC.xib; sourceTree = "<group>"; };
		41906DD4291406A40041B730 /* Exercise.swift */ = {isa = PBXFileReference; lastKnownFileType = sourcecode.swift; path = Exercise.swift; sourceTree = "<group>"; };
		41906DD6291407130041B730 /* Jumping.swift */ = {isa = PBXFileReference; lastKnownFileType = sourcecode.swift; path = Jumping.swift; sourceTree = "<group>"; };
		41906DDA291407810041B730 /* Squards.swift */ = {isa = PBXFileReference; lastKnownFileType = sourcecode.swift; path = Squards.swift; sourceTree = "<group>"; };
		41906DDE291407E50041B730 /* Factory.swift */ = {isa = PBXFileReference; lastKnownFileType = sourcecode.swift; path = Factory.swift; sourceTree = "<group>"; };
		41906DE029140BD40041B730 /* SwingPress.swift */ = {isa = PBXFileReference; lastKnownFileType = sourcecode.swift; path = SwingPress.swift; sourceTree = "<group>"; };
/* End PBXFileReference section */

/* Begin PBXFrameworksBuildPhase section */
		41906DB4291405420041B730 /* Frameworks */ = {
			isa = PBXFrameworksBuildPhase;
			buildActionMask = 2147483647;
			files = (
			);
			runOnlyForDeploymentPostprocessing = 0;
		};
/* End PBXFrameworksBuildPhase section */

/* Begin PBXGroup section */
		41906DAE291405420041B730 = {
			isa = PBXGroup;
			children = (
				41906DB9291405420041B730 /* training_FactoryMethod */,
				41906DB8291405420041B730 /* Products */,
			);
			sourceTree = "<group>";
		};
		41906DB8291405420041B730 /* Products */ = {
			isa = PBXGroup;
			children = (
				41906DB7291405420041B730 /* training_FactoryMethod.app */,
			);
			name = Products;
			sourceTree = "<group>";
		};
		41906DB9291405420041B730 /* training_FactoryMethod */ = {
			isa = PBXGroup;
			children = (
				41906DBA291405420041B730 /* AppDelegate.swift */,
				41906DC3291405430041B730 /* Assets.xcassets */,
				41906DC5291405430041B730 /* LaunchScreen.storyboard */,
				41906DC8291405430041B730 /* Info.plist */,
				41906DCE291405E10041B730 /* VCs */,
				41906DD3291406350041B730 /* Exercise */,
			);
			path = training_FactoryMethod;
			sourceTree = "<group>";
		};
		41906DCE291405E10041B730 /* VCs */ = {
			isa = PBXGroup;
			children = (
				41906DCF291405F90041B730 /* MainVC.swift */,
				41906DD0291405F90041B730 /* MainVC.xib */,
			);
			path = VCs;
			sourceTree = "<group>";
		};
		41906DD3291406350041B730 /* Exercise */ = {
			isa = PBXGroup;
			children = (
				41906DD4291406A40041B730 /* Exercise.swift */,
				41906DDE291407E50041B730 /* Factory.swift */,
				41906DD6291407130041B730 /* Jumping.swift */,
				41906DDA291407810041B730 /* Squards.swift */,
				41906DE029140BD40041B730 /* SwingPress.swift */,
			);
			path = Exercise;
			sourceTree = "<group>";
		};
/* End PBXGroup section */

/* Begin PBXNativeTarget section */
		41906DB6291405420041B730 /* training_FactoryMethod */ = {
			isa = PBXNativeTarget;
			buildConfigurationList = 41906DCB291405430041B730 /* Build configuration list for PBXNativeTarget "training_FactoryMethod" */;
			buildPhases = (
				41906DB3291405420041B730 /* Sources */,
				41906DB4291405420041B730 /* Frameworks */,
				41906DB5291405420041B730 /* Resources */,
			);
			buildRules = (
			);
			dependencies = (
			);
			name = training_FactoryMethod;
			productName = training_FactoryMethod;
			productReference = 41906DB7291405420041B730 /* training_FactoryMethod.app */;
			productType = "com.apple.product-type.application";
		};
/* End PBXNativeTarget section */

/* Begin PBXProject section */
		41906DAF291405420041B730 /* Project object */ = {
			isa = PBXProject;
			attributes = {
				BuildIndependentTargetsInParallel = 1;
				LastSwiftUpdateCheck = 1320;
				LastUpgradeCheck = 1320;
				TargetAttributes = {
					41906DB6291405420041B730 = {
						CreatedOnToolsVersion = 13.2.1;
					};
				};
			};
			buildConfigurationList = 41906DB2291405420041B730 /* Build configuration list for PBXProject "training_FactoryMethod" */;
			compatibilityVersion = "Xcode 13.0";
			developmentRegion = en;
			hasScannedForEncodings = 0;
			knownRegions = (
				en,
				Base,
			);
			mainGroup = 41906DAE291405420041B730;
			productRefGroup = 41906DB8291405420041B730 /* Products */;
			projectDirPath = "";
			projectRoot = "";
			targets = (
				41906DB6291405420041B730 /* training_FactoryMethod */,
			);
		};
/* End PBXProject section */

/* Begin PBXResourcesBuildPhase section */
		41906DB5291405420041B730 /* Resources */ = {
			isa = PBXResourcesBuildPhase;
			buildActionMask = 2147483647;
			files = (
				41906DD2291405F90041B730 /* MainVC.xib in Resources */,
				41906DC7291405430041B730 /* LaunchScreen.storyboard in Resources */,
				41906DC4291405430041B730 /* Assets.xcassets in Resources */,
			);
			runOnlyForDeploymentPostprocessing = 0;
		};
/* End PBXResourcesBuildPhase section */

/* Begin PBXSourcesBuildPhase section */
		41906DB3291405420041B730 /* Sources */ = {
			isa = PBXSourcesBuildPhase;
			buildActionMask = 2147483647;
			files = (
				41906DBB291405420041B730 /* AppDelegate.swift in Sources */,
				41906DD8291407130041B730 /* Jumping.swift in Sources */,
				41906DDF291407E50041B730 /* Factory.swift in Sources */,
				41906DE129140BD40041B730 /* SwingPress.swift in Sources */,
				41906DD1291405F90041B730 /* MainVC.swift in Sources */,
				41906DD5291406A40041B730 /* Exercise.swift in Sources */,
				41906DDC291407810041B730 /* Squards.swift in Sources */,
			);
			runOnlyForDeploymentPostprocessing = 0;
		};
/* End PBXSourcesBuildPhase section */

/* Begin PBXVariantGroup section */
		41906DC5291405430041B730 /* LaunchScreen.storyboard */ = {
			isa = PBXVariantGroup;
			children = (
				41906DC6291405430041B730 /* Base */,
			);
			name = LaunchScreen.storyboard;
			sourceTree = "<group>";
		};
/* End PBXVariantGroup section */

/* Begin XCBuildConfiguration section */
		41906DC9291405430041B730 /* Debug */ = {
			isa = XCBuildConfiguration;
			buildSettings = {
				ALWAYS_SEARCH_USER_PATHS = NO;
				CLANG_ANALYZER_NONNULL = YES;
				CLANG_ANALYZER_NUMBER_OBJECT_CONVERSION = YES_AGGRESSIVE;
				CLANG_CXX_LANGUAGE_STANDARD = "gnu++17";
				CLANG_CXX_LIBRARY = "libc++";
				CLANG_ENABLE_MODULES = YES;
				CLANG_ENABLE_OBJC_ARC = YES;
				CLANG_ENABLE_OBJC_WEAK = YES;
				CLANG_WARN_BLOCK_CAPTURE_AUTORELEASING = YES;
				CLANG_WARN_BOOL_CONVERSION = YES;
				CLANG_WARN_COMMA = YES;
				CLANG_WARN_CONSTANT_CONVERSION = YES;
				CLANG_WARN_DEPRECATED_OBJC_IMPLEMENTATIONS = YES;
				CLANG_WARN_DIRECT_OBJC_ISA_USAGE = YES_ERROR;
				CLANG_WARN_DOCUMENTATION_COMMENTS = YES;
				CLANG_WARN_EMPTY_BODY = YES;
				CLANG_WARN_ENUM_CONVERSION = YES;
				CLANG_WARN_INFINITE_RECURSION = YES;
				CLANG_WARN_INT_CONVERSION = YES;
				CLANG_WARN_NON_LITERAL_NULL_CONVERSION = YES;
				CLANG_WARN_OBJC_IMPLICIT_RETAIN_SELF = YES;
				CLANG_WARN_OBJC_LITERAL_CONVERSION = YES;
				CLANG_WARN_OBJC_ROOT_CLASS = YES_ERROR;
				CLANG_WARN_QUOTED_INCLUDE_IN_FRAMEWORK_HEADER = YES;
				CLANG_WARN_RANGE_LOOP_ANALYSIS = YES;
				CLANG_WARN_STRICT_PROTOTYPES = YES;
				CLANG_WARN_SUSPICIOUS_MOVE = YES;
				CLANG_WARN_UNGUARDED_AVAILABILITY = YES_AGGRESSIVE;
				CLANG_WARN_UNREACHABLE_CODE = YES;
				CLANG_WARN__DUPLICATE_METHOD_MATCH = YES;
				COPY_PHASE_STRIP = NO;
				DEBUG_INFORMATION_FORMAT = dwarf;
				ENABLE_STRICT_OBJC_MSGSEND = YES;
				ENABLE_TESTABILITY = YES;
				GCC_C_LANGUAGE_STANDARD = gnu11;
				GCC_DYNAMIC_NO_PIC = NO;
				GCC_NO_COMMON_BLOCKS = YES;
				GCC_OPTIMIZATION_LEVEL = 0;
				GCC_PREPROCESSOR_DEFINITIONS = (
					"DEBUG=1",
					"$(inherited)",
				);
				GCC_WARN_64_TO_32_BIT_CONVERSION = YES;
				GCC_WARN_ABOUT_RETURN_TYPE = YES_ERROR;
				GCC_WARN_UNDECLARED_SELECTOR = YES;
				GCC_WARN_UNINITIALIZED_AUTOS = YES_AGGRESSIVE;
				GCC_WARN_UNUSED_FUNCTION = YES;
				GCC_WARN_UNUSED_VARIABLE = YES;
				IPHONEOS_DEPLOYMENT_TARGET = 15.2;
				MTL_ENABLE_DEBUG_INFO = INCLUDE_SOURCE;
				MTL_FAST_MATH = YES;
				ONLY_ACTIVE_ARCH = YES;
				SDKROOT = iphoneos;
				SWIFT_ACTIVE_COMPILATION_CONDITIONS = DEBUG;
				SWIFT_OPTIMIZATION_LEVEL = "-Onone";
			};
			name = Debug;
		};
		41906DCA291405430041B730 /* Release */ = {
			isa = XCBuildConfiguration;
			buildSettings = {
				ALWAYS_SEARCH_USER_PATHS = NO;
				CLANG_ANALYZER_NONNULL = YES;
				CLANG_ANALYZER_NUMBER_OBJECT_CONVERSION = YES_AGGRESSIVE;
				CLANG_CXX_LANGUAGE_STANDARD = "gnu++17";
				CLANG_CXX_LIBRARY = "libc++";
				CLANG_ENABLE_MODULES = YES;
				CLANG_ENABLE_OBJC_ARC = YES;
				CLANG_ENABLE_OBJC_WEAK = YES;
				CLANG_WARN_BLOCK_CAPTURE_AUTORELEASING = YES;
				CLANG_WARN_BOOL_CONVERSION = YES;
				CLANG_WARN_COMMA = YES;
				CLANG_WARN_CONSTANT_CONVERSION = YES;
				CLANG_WARN_DEPRECATED_OBJC_IMPLEMENTATIONS = YES;
				CLANG_WARN_DIRECT_OBJC_ISA_USAGE = YES_ERROR;
				CLANG_WARN_DOCUMENTATION_COMMENTS = YES;
				CLANG_WARN_EMPTY_BODY = YES;
				CLANG_WARN_ENUM_CONVERSION = YES;
				CLANG_WARN_INFINITE_RECURSION = YES;
				CLANG_WARN_INT_CONVERSION = YES;
				CLANG_WARN_NON_LITERAL_NULL_CONVERSION = YES;
				CLANG_WARN_OBJC_IMPLICIT_RETAIN_SELF = YES;
				CLANG_WARN_OBJC_LITERAL_CONVERSION = YES;
				CLANG_WARN_OBJC_ROOT_CLASS = YES_ERROR;
				CLANG_WARN_QUOTED_INCLUDE_IN_FRAMEWORK_HEADER = YES;
				CLANG_WARN_RANGE_LOOP_ANALYSIS = YES;
				CLANG_WARN_STRICT_PROTOTYPES = YES;
				CLANG_WARN_SUSPICIOUS_MOVE = YES;
				CLANG_WARN_UNGUARDED_AVAILABILITY = YES_AGGRESSIVE;
				CLANG_WARN_UNREACHABLE_CODE = YES;
				CLANG_WARN__DUPLICATE_METHOD_MATCH = YES;
				COPY_PHASE_STRIP = NO;
				DEBUG_INFORMATION_FORMAT = "dwarf-with-dsym";
				ENABLE_NS_ASSERTIONS = NO;
				ENABLE_STRICT_OBJC_MSGSEND = YES;
				GCC_C_LANGUAGE_STANDARD = gnu11;
				GCC_NO_COMMON_BLOCKS = YES;
				GCC_WARN_64_TO_32_BIT_CONVERSION = YES;
				GCC_WARN_ABOUT_RETURN_TYPE = YES_ERROR;
				GCC_WARN_UNDECLARED_SELECTOR = YES;
				GCC_WARN_UNINITIALIZED_AUTOS = YES_AGGRESSIVE;
				GCC_WARN_UNUSED_FUNCTION = YES;
				GCC_WARN_UNUSED_VARIABLE = YES;
				IPHONEOS_DEPLOYMENT_TARGET = 15.2;
				MTL_ENABLE_DEBUG_INFO = NO;
				MTL_FAST_MATH = YES;
				SDKROOT = iphoneos;
				SWIFT_COMPILATION_MODE = wholemodule;
				SWIFT_OPTIMIZATION_LEVEL = "-O";
				VALIDATE_PRODUCT = YES;
			};
			name = Release;
		};
		41906DCC291405430041B730 /* Debug */ = {
			isa = XCBuildConfiguration;
			buildSettings = {
				ASSETCATALOG_COMPILER_APPICON_NAME = AppIcon;
				ASSETCATALOG_COMPILER_GLOBAL_ACCENT_COLOR_NAME = AccentColor;
				CODE_SIGN_STYLE = Automatic;
				CURRENT_PROJECT_VERSION = 1;
				DEVELOPMENT_TEAM = 5G8CDP9543;
				GENERATE_INFOPLIST_FILE = YES;
				INFOPLIST_FILE = training_FactoryMethod/Info.plist;
				INFOPLIST_KEY_UIApplicationSupportsIndirectInputEvents = YES;
				INFOPLIST_KEY_UILaunchStoryboardName = LaunchScreen;
				INFOPLIST_KEY_UISupportedInterfaceOrientations_iPad = "UIInterfaceOrientationPortrait UIInterfaceOrientationPortraitUpsideDown UIInterfaceOrientationLandscapeLeft UIInterfaceOrientationLandscapeRight";
				INFOPLIST_KEY_UISupportedInterfaceOrientations_iPhone = "UIInterfaceOrientationPortrait UIInterfaceOrientationLandscapeLeft UIInterfaceOrientationLandscapeRight";
				LD_RUNPATH_SEARCH_PATHS = (
					"$(inherited)",
					"@executable_path/Frameworks",
				);
				MARKETING_VERSION = 1.0;
				PRODUCT_BUNDLE_IDENTIFIER = "MukhammadaliKhusanov.training-FactoryMethod";
				PRODUCT_NAME = "$(TARGET_NAME)";
				SWIFT_EMIT_LOC_STRINGS = YES;
				SWIFT_VERSION = 5.0;
				TARGETED_DEVICE_FAMILY = "1,2";
			};
			name = Debug;
		};
		41906DCD291405430041B730 /* Release */ = {
			isa = XCBuildConfiguration;
			buildSettings = {
				ASSETCATALOG_COMPILER_APPICON_NAME = AppIcon;
				ASSETCATALOG_COMPILER_GLOBAL_ACCENT_COLOR_NAME = AccentColor;
				CODE_SIGN_STYLE = Automatic;
				CURRENT_PROJECT_VERSION = 1;
				DEVELOPMENT_TEAM = 5G8CDP9543;
				GENERATE_INFOPLIST_FILE = YES;
				INFOPLIST_FILE = training_FactoryMethod/Info.plist;
				INFOPLIST_KEY_UIApplicationSupportsIndirectInputEvents = YES;
				INFOPLIST_KEY_UILaunchStoryboardName = LaunchScreen;
				INFOPLIST_KEY_UISupportedInterfaceOrientations_iPad = "UIInterfaceOrientationPortrait UIInterfaceOrientationPortraitUpsideDown UIInterfaceOrientationLandscapeLeft UIInterfaceOrientationLandscapeRight";
				INFOPLIST_KEY_UISupportedInterfaceOrientations_iPhone = "UIInterfaceOrientationPortrait UIInterfaceOrientationLandscapeLeft UIInterfaceOrientationLandscapeRight";
				LD_RUNPATH_SEARCH_PATHS = (
					"$(inherited)",
					"@executable_path/Frameworks",
				);
				MARKETING_VERSION = 1.0;
				PRODUCT_BUNDLE_IDENTIFIER = "MukhammadaliKhusanov.training-FactoryMethod";
				PRODUCT_NAME = "$(TARGET_NAME)";
				SWIFT_EMIT_LOC_STRINGS = YES;
				SWIFT_VERSION = 5.0;
				TARGETED_DEVICE_FAMILY = "1,2";
			};
			name = Release;
		};
/* End XCBuildConfiguration section */

/* Begin XCConfigurationList section */
		41906DB2291405420041B730 /* Build configuration list for PBXProject "training_FactoryMethod" */ = {
			isa = XCConfigurationList;
			buildConfigurations = (
				41906DC9291405430041B730 /* Debug */,
				41906DCA291405430041B730 /* Release */,
			);
			defaultConfigurationIsVisible = 0;
			defaultConfigurationName = Release;
		};
		41906DCB291405430041B730 /* Build configuration list for PBXNativeTarget "training_FactoryMethod" */ = {
			isa = XCConfigurationList;
			buildConfigurations = (
				41906DCC291405430041B730 /* Debug */,
				41906DCD291405430041B730 /* Release */,
			);
			defaultConfigurationIsVisible = 0;
			defaultConfigurationName = Release;
		};
/* End XCConfigurationList section */
	};
	rootObject = 41906DAF291405420041B730 /* Project object */;
}
